
Microsoft Visual Studio Solution File, Format Version 12.00
# Visual Studio 14
VisualStudioVersion = 14.0.24720.0
MinimumVisualStudioVersion = 10.0.40219.1
Project("{FAE04EC0-301F-11D3-BF4B-00C04F79EFBC}") = "Portfolio.Core", "Portfolio.Core\Portfolio.Core.csproj", "{AC86C4B1-23E4-43F5-BECC-E5278F39930C}"
EndProject
Project("{FAE04EC0-301F-11D3-BF4B-00C04F79EFBC}") = "Portfolio.UI", "Portfolio.UI\Portfolio.UI.csproj", "{B6C7660B-AAB8-493F-AFD2-7273D4C81FA6}"
EndProject
Project("{FAE04EC0-301F-11D3-BF4B-00C04F79EFBC}") = "Portfolio.UI.Tests", "Portfolio.UI.Tests\Portfolio.UI.Tests.csproj", "{11AE62FE-6B40-4409-8961-6F214097FA43}"
EndProject
Global
	GlobalSection(SolutionConfigurationPlatforms) = preSolution
		Debug|Any CPU = Debug|Any CPU
		Release|Any CPU = Release|Any CPU
	EndGlobalSection
	GlobalSection(ProjectConfigurationPlatforms) = postSolution
		{AC86C4B1-23E4-43F5-BECC-E5278F39930C}.Debug|Any CPU.ActiveCfg = Debug|Any CPU
		{AC86C4B1-23E4-43F5-BECC-E5278F39930C}.Debug|Any CPU.Build.0 = Debug|Any CPU
		{AC86C4B1-23E4-43F5-BECC-E5278F39930C}.Release|Any CPU.ActiveCfg = Release|Any CPU
		{AC86C4B1-23E4-43F5-BECC-E5278F39930C}.Release|Any CPU.Build.0 = Release|Any CPU
		{B6C7660B-AAB8-493F-AFD2-7273D4C81FA6}.Debug|Any CPU.ActiveCfg = Debug|Any CPU
		{B6C7660B-AAB8-493F-AFD2-7273D4C81FA6}.Debug|Any CPU.Build.0 = Debug|Any CPU
		{B6C7660B-AAB8-493F-AFD2-7273D4C81FA6}.Release|Any CPU.ActiveCfg = Release|Any CPU
		{B6C7660B-AAB8-493F-AFD2-7273D4C81FA6}.Release|Any CPU.Build.0 = Release|Any CPU
		{11AE62FE-6B40-4409-8961-6F214097FA43}.Debug|Any CPU.ActiveCfg = Debug|Any CPU
		{11AE62FE-6B40-4409-8961-6F214097FA43}.Debug|Any CPU.Build.0 = Debug|Any CPU
		{11AE62FE-6B40-4409-8961-6F214097FA43}.Release|Any CPU.ActiveCfg = Release|Any CPU
		{11AE62FE-6B40-4409-8961-6F214097FA43}.Release|Any CPU.Build.0 = Release|Any CPU
	EndGlobalSection
	GlobalSection(SolutionProperties) = preSolution
		HideSolutionNode = FALSE
	EndGlobalSection
EndGlobal
